{
  "requires": true,
  "lockfileVersion": 1,
  "dependencies": {
    "geolib": {
      "version": "2.0.23",
      "resolved": "https://registry.npmjs.org/geolib/-/geolib-2.0.23.tgz",
      "integrity": "sha512-ndUldu0XPPVyG3YbkcLKgcMK77L+HrVTGReU38d16F696mFh65Ob8wC0v+K9N/PfU6TVOQ0d2aFIhUtdrXCAKA=="
    }
  }
}
