{
  "name": "geolib-ex",
  "version": "1.0.0",
  "lockfileVersion": 1,
  "requires": true,
  "dependencies": {
    "@google/maps": {
      "version": "0.4.5",
      "resolved": "https://registry.npmjs.org/@google/maps/-/maps-0.4.5.tgz",
      "integrity": "sha1-cuuc+OfelEYZJF0Pjz+WlXHqhNg="
    },
    "geolib": {
      "version": "2.0.23",
      "resolved": "https://registry.npmjs.org/geolib/-/geolib-2.0.23.tgz",
      "integrity": "sha512-ndUldu0XPPVyG3YbkcLKgcMK77L+HrVTGReU38d16F696mFh65Ob8wC0v+K9N/PfU6TVOQ0d2aFIhUtdrXCAKA=="
    }
  }
}
